
Microsoft Visual Studio Solution File, Format Version 12.00
# Visual Studio Version 17
VisualStudioVersion = 17.7.34018.315
MinimumVisualStudioVersion = 10.0.40219.1
Project("{FAE04EC0-301F-11D3-BF4B-00C04F79EFBC}") = "Kap 6 Uppgift 6.3", "Kap 6 Uppgift 6.3\Kap 6 Uppgift 6.3.csproj", "{015223A6-066C-4881-9E98-5628AD7EB6C7}"
EndProject
Global
	GlobalSection(SolutionConfigurationPlatforms) = preSolution
		Debug|Any CPU = Debug|Any CPU
		Release|Any CPU = Release|Any CPU
	EndGlobalSection
	GlobalSection(ProjectConfigurationPlatforms) = postSolution
		{015223A6-066C-4881-9E98-5628AD7EB6C7}.Debug|Any CPU.ActiveCfg = Debug|Any CPU
		{015223A6-066C-4881-9E98-5628AD7EB6C7}.Debug|Any CPU.Build.0 = Debug|Any CPU
		{015223A6-066C-4881-9E98-5628AD7EB6C7}.Release|Any CPU.ActiveCfg = Release|Any CPU
		{015223A6-066C-4881-9E98-5628AD7EB6C7}.Release|Any CPU.Build.0 = Release|Any CPU
	EndGlobalSection
	GlobalSection(SolutionProperties) = preSolution
		HideSolutionNode = FALSE
	EndGlobalSection
	GlobalSection(ExtensibilityGlobals) = postSolution
		SolutionGuid = {7E6E3927-FEA7-463C-BD45-434A96413088}
	EndGlobalSection
EndGlobal
